{
  "lockfileVersion": 1,
  "configVersion": 0,
  "workspaces": {
    "": {
      "name": "gtr-cof",
      "dependencies": {
        "zod": "^4.3.6",
      },
      "devDependencies": {
        "@types/d3": "^3.0.0",
        "@types/webmidi": "^2.0.2",
        "d3": "^3.0.0",
        "typescript": "^5.7.0",
      },
    },
  },
  "packages": {
    "@types/d3": ["@types/d3@3.5.44", "", {}, "sha512-hFEcf03YGJ2uQoDYEp3nFD5mXWxly5kf6KOstuOQFEs9sUCN7kNlKhcYkpZ3gK6PiHz4XRLkoHa80NVCJNeLBw=="],

    "@types/webmidi": ["@types/webmidi@2.0.4", "", {}, "sha512-ouA837zUpSzURsUGvcnay6JwUz2B/UoJP3Lkacnz60y+rul8/auVOFS9LSO6v0gdNbGvRkbHEpayD8PbO7IKhw=="],

    "d3": ["d3@3.5.17", "", {}, "sha1-vEZ0gAQ3iyGjYMn8fPUjF5B2L7g="],

    "typescript": ["typescript@5.9.3", "", { "bin": { "tsc": "bin/tsc", "tsserver": "bin/tsserver" } }, "sha512-jl1vZzPDinLr9eUt3J/t7V6FgNEw9QjvBPdysz9KfQDD41fQrC2Y4vKQdiaUpFT4bXlb1RHhLpp8wtm6M5TgSw=="],

    "zod": ["zod@4.3.6", "", {}, "sha512-rftlrkhHZOcjDwkGlnUtZZkvaPHCsDATp4pGpuOOMDaTdDDXF91wuVDJoWoPsKX/3YPQ5fHuF3STjcYyKr+Qhg=="],
  }
}
